
Microsoft Visual Studio Solution File, Format Version 12.00
Project("{FAE04EC0-301F-11D3-BF4B-00C04F79EFBC}") = "CredentialManager", "CredentialManager\CredentialManager.csproj", "{D2F20F89-8EAA-418B-B5CE-A438FDAB7C48}"
EndProject
Project("{FAE04EC0-301F-11D3-BF4B-00C04F79EFBC}") = "CredentialManagerTests", "CredentialManagerTests\CredentialManagerTests.csproj", "{4D75BAE6-E4BA-4C9E-AA71-81C10E44E0CC}"
EndProject
Global
	GlobalSection(SolutionConfigurationPlatforms) = preSolution
		Debug|Any CPU = Debug|Any CPU
		Release|Any CPU = Release|Any CPU
	EndGlobalSection
	GlobalSection(ProjectConfigurationPlatforms) = postSolution
		{D2F20F89-8EAA-418B-B5CE-A438FDAB7C48}.Debug|Any CPU.ActiveCfg = Debug|Any CPU
		{D2F20F89-8EAA-418B-B5CE-A438FDAB7C48}.Debug|Any CPU.Build.0 = Debug|Any CPU
		{D2F20F89-8EAA-418B-B5CE-A438FDAB7C48}.Release|Any CPU.ActiveCfg = Release|Any CPU
		{D2F20F89-8EAA-418B-B5CE-A438FDAB7C48}.Release|Any CPU.Build.0 = Release|Any CPU
		{4D75BAE6-E4BA-4C9E-AA71-81C10E44E0CC}.Debug|Any CPU.ActiveCfg = Debug|Any CPU
		{4D75BAE6-E4BA-4C9E-AA71-81C10E44E0CC}.Debug|Any CPU.Build.0 = Debug|Any CPU
		{4D75BAE6-E4BA-4C9E-AA71-81C10E44E0CC}.Release|Any CPU.ActiveCfg = Release|Any CPU
		{4D75BAE6-E4BA-4C9E-AA71-81C10E44E0CC}.Release|Any CPU.Build.0 = Release|Any CPU
	EndGlobalSection
EndGlobal
